
Microsoft Visual Studio Solution File, Format Version 12.00
# Visual Studio Version 16
VisualStudioVersion = 16.0.30717.126
MinimumVisualStudioVersion = 10.0.40219.1
Project("{2150E333-8FDC-42A3-9474-1A3956D46DE8}") = "src", "src", "{D44B4539-188C-4F30-9C99-9226775A4EA8}"
EndProject
Project("{2150E333-8FDC-42A3-9474-1A3956D46DE8}") = "Catalog", "Catalog", "{533D921E-5EA3-4D84-8717-46980361D563}"
EndProject
Project("{9A19103F-16F7-4668-BE54-9A1E7A4F7556}") = "Catalog.API", "src\Catalog\Catalog.API\Catalog.API.csproj", "{BCA9AD25-0268-49BF-BAE5-CCB6F814CAEF}"
EndProject
Project("{E53339B2-1760-4266-BCC7-CA923CBCF16C}") = "docker-compose", "docker-compose.dcproj", "{97D90371-C34E-4461-AD6C-4B9E357DFA28}"
EndProject
Project("{2150E333-8FDC-42A3-9474-1A3956D46DE8}") = "Basket", "Basket", "{E436EB1F-F181-48E9-A8FD-B128F1D5D610}"
EndProject
Project("{9A19103F-16F7-4668-BE54-9A1E7A4F7556}") = "Basket.API", "src\Basket\Basket.API\Basket.API.csproj", "{C78BBD21-4912-471E-9563-7F940E17BAD7}"
EndProject
Project("{2150E333-8FDC-42A3-9474-1A3956D46DE8}") = "Common", "Common", "{2BF17840-F044-48CE-8E2E-AF2BA9A8ED30}"
EndProject
Project("{9A19103F-16F7-4668-BE54-9A1E7A4F7556}") = "EventBusRabbitMQ", "src\Common\EventBusRabbitMQ\EventBusRabbitMQ.csproj", "{00B2AFC4-835A-4376-A41F-ACC74975F4EF}"
EndProject
Project("{2150E333-8FDC-42A3-9474-1A3956D46DE8}") = "Ordering", "Ordering", "{8E4CFAA9-9EE9-4DAD-9679-6D9B85DF9F97}"
EndProject
Project("{9A19103F-16F7-4668-BE54-9A1E7A4F7556}") = "Ordering.API", "src\Ordering\Ordering.API\Ordering.API.csproj", "{B3DE84CE-BED8-40FB-A93C-C0A6C96C585F}"
EndProject
Project("{9A19103F-16F7-4668-BE54-9A1E7A4F7556}") = "Ordering.Core", "src\Ordering\Ordering.Core\Ordering.Core.csproj", "{72438B10-5DD9-46F7-8082-FF19BB45A8B9}"
EndProject
Project("{9A19103F-16F7-4668-BE54-9A1E7A4F7556}") = "Ordering.Infrastucture", "src\Ordering\Ordering.Infrastucture\Ordering.Infrastucture.csproj", "{CC3D67E7-80BD-498C-AA94-474557EE6FBD}"
EndProject
Project("{9A19103F-16F7-4668-BE54-9A1E7A4F7556}") = "Ordering.Application", "src\Ordering\Ordering.Application\Ordering.Application.csproj", "{2EE10E08-DCED-4A73-8C92-A98DDD24AEEE}"
EndProject
Project("{2150E333-8FDC-42A3-9474-1A3956D46DE8}") = "ApiGateway", "ApiGateway", "{DD6F1809-BEF6-4E50-A0BE-51C5B4CA02D0}"
EndProject
Project("{9A19103F-16F7-4668-BE54-9A1E7A4F7556}") = "OcelotAPIGateway", "src\ApiGateway\OcelotAPIGateway\OcelotAPIGateway.csproj", "{94E4044D-6FC3-4557-8B3F-F7386F9EA38F}"
EndProject
Project("{2150E333-8FDC-42A3-9474-1A3956D46DE8}") = "WebApp", "WebApp", "{64BF934C-3BC1-4AAE-A11D-C56486756F45}"
EndProject
Project("{9A19103F-16F7-4668-BE54-9A1E7A4F7556}") = "AspnetRunBasics", "src\WebApp\AspnetRunBasics\AspnetRunBasics.csproj", "{EE4409C9-6D20-49C4-8D1B-CA5B5E7879DB}"
EndProject
Global
	GlobalSection(SolutionConfigurationPlatforms) = preSolution
		Debug|Any CPU = Debug|Any CPU
		Release|Any CPU = Release|Any CPU
	EndGlobalSection
	GlobalSection(ProjectConfigurationPlatforms) = postSolution
		{BCA9AD25-0268-49BF-BAE5-CCB6F814CAEF}.Debug|Any CPU.ActiveCfg = Debug|Any CPU
		{BCA9AD25-0268-49BF-BAE5-CCB6F814CAEF}.Debug|Any CPU.Build.0 = Debug|Any CPU
		{BCA9AD25-0268-49BF-BAE5-CCB6F814CAEF}.Release|Any CPU.ActiveCfg = Release|Any CPU
		{BCA9AD25-0268-49BF-BAE5-CCB6F814CAEF}.Release|Any CPU.Build.0 = Release|Any CPU
		{97D90371-C34E-4461-AD6C-4B9E357DFA28}.Debug|Any CPU.ActiveCfg = Debug|Any CPU
		{97D90371-C34E-4461-AD6C-4B9E357DFA28}.Debug|Any CPU.Build.0 = Debug|Any CPU
		{97D90371-C34E-4461-AD6C-4B9E357DFA28}.Release|Any CPU.ActiveCfg = Release|Any CPU
		{97D90371-C34E-4461-AD6C-4B9E357DFA28}.Release|Any CPU.Build.0 = Release|Any CPU
		{C78BBD21-4912-471E-9563-7F940E17BAD7}.Debug|Any CPU.ActiveCfg = Debug|Any CPU
		{C78BBD21-4912-471E-9563-7F940E17BAD7}.Debug|Any CPU.Build.0 = Debug|Any CPU
		{C78BBD21-4912-471E-9563-7F940E17BAD7}.Release|Any CPU.ActiveCfg = Release|Any CPU
		{C78BBD21-4912-471E-9563-7F940E17BAD7}.Release|Any CPU.Build.0 = Release|Any CPU
		{00B2AFC4-835A-4376-A41F-ACC74975F4EF}.Debug|Any CPU.ActiveCfg = Debug|Any CPU
		{00B2AFC4-835A-4376-A41F-ACC74975F4EF}.Debug|Any CPU.Build.0 = Debug|Any CPU
		{00B2AFC4-835A-4376-A41F-ACC74975F4EF}.Release|Any CPU.ActiveCfg = Release|Any CPU
		{00B2AFC4-835A-4376-A41F-ACC74975F4EF}.Release|Any CPU.Build.0 = Release|Any CPU
		{B3DE84CE-BED8-40FB-A93C-C0A6C96C585F}.Debug|Any CPU.ActiveCfg = Debug|Any CPU
		{B3DE84CE-BED8-40FB-A93C-C0A6C96C585F}.Debug|Any CPU.Build.0 = Debug|Any CPU
		{B3DE84CE-BED8-40FB-A93C-C0A6C96C585F}.Release|Any CPU.ActiveCfg = Release|Any CPU
		{B3DE84CE-BED8-40FB-A93C-C0A6C96C585F}.Release|Any CPU.Build.0 = Release|Any CPU
		{72438B10-5DD9-46F7-8082-FF19BB45A8B9}.Debug|Any CPU.ActiveCfg = Debug|Any CPU
		{72438B10-5DD9-46F7-8082-FF19BB45A8B9}.Debug|Any CPU.Build.0 = Debug|Any CPU
		{72438B10-5DD9-46F7-8082-FF19BB45A8B9}.Release|Any CPU.ActiveCfg = Release|Any CPU
		{72438B10-5DD9-46F7-8082-FF19BB45A8B9}.Release|Any CPU.Build.0 = Release|Any CPU
		{CC3D67E7-80BD-498C-AA94-474557EE6FBD}.Debug|Any CPU.ActiveCfg = Debug|Any CPU
		{CC3D67E7-80BD-498C-AA94-474557EE6FBD}.Debug|Any CPU.Build.0 = Debug|Any CPU
		{CC3D67E7-80BD-498C-AA94-474557EE6FBD}.Release|Any CPU.ActiveCfg = Release|Any CPU
		{CC3D67E7-80BD-498C-AA94-474557EE6FBD}.Release|Any CPU.Build.0 = Release|Any CPU
		{2EE10E08-DCED-4A73-8C92-A98DDD24AEEE}.Debug|Any CPU.ActiveCfg = Debug|Any CPU
		{2EE10E08-DCED-4A73-8C92-A98DDD24AEEE}.Debug|Any CPU.Build.0 = Debug|Any CPU
		{2EE10E08-DCED-4A73-8C92-A98DDD24AEEE}.Release|Any CPU.ActiveCfg = Release|Any CPU
		{2EE10E08-DCED-4A73-8C92-A98DDD24AEEE}.Release|Any CPU.Build.0 = Release|Any CPU
		{94E4044D-6FC3-4557-8B3F-F7386F9EA38F}.Debug|Any CPU.ActiveCfg = Debug|Any CPU
		{94E4044D-6FC3-4557-8B3F-F7386F9EA38F}.Debug|Any CPU.Build.0 = Debug|Any CPU
		{94E4044D-6FC3-4557-8B3F-F7386F9EA38F}.Release|Any CPU.ActiveCfg = Release|Any CPU
		{94E4044D-6FC3-4557-8B3F-F7386F9EA38F}.Release|Any CPU.Build.0 = Release|Any CPU
		{EE4409C9-6D20-49C4-8D1B-CA5B5E7879DB}.Debug|Any CPU.ActiveCfg = Debug|Any CPU
		{EE4409C9-6D20-49C4-8D1B-CA5B5E7879DB}.Debug|Any CPU.Build.0 = Debug|Any CPU
		{EE4409C9-6D20-49C4-8D1B-CA5B5E7879DB}.Release|Any CPU.ActiveCfg = Release|Any CPU
		{EE4409C9-6D20-49C4-8D1B-CA5B5E7879DB}.Release|Any CPU.Build.0 = Release|Any CPU
	EndGlobalSection
	GlobalSection(SolutionProperties) = preSolution
		HideSolutionNode = FALSE
	EndGlobalSection
	GlobalSection(NestedProjects) = preSolution
		{533D921E-5EA3-4D84-8717-46980361D563} = {D44B4539-188C-4F30-9C99-9226775A4EA8}
		{BCA9AD25-0268-49BF-BAE5-CCB6F814CAEF} = {533D921E-5EA3-4D84-8717-46980361D563}
		{E436EB1F-F181-48E9-A8FD-B128F1D5D610} = {D44B4539-188C-4F30-9C99-9226775A4EA8}
		{C78BBD21-4912-471E-9563-7F940E17BAD7} = {E436EB1F-F181-48E9-A8FD-B128F1D5D610}
		{2BF17840-F044-48CE-8E2E-AF2BA9A8ED30} = {D44B4539-188C-4F30-9C99-9226775A4EA8}
		{00B2AFC4-835A-4376-A41F-ACC74975F4EF} = {2BF17840-F044-48CE-8E2E-AF2BA9A8ED30}
		{8E4CFAA9-9EE9-4DAD-9679-6D9B85DF9F97} = {D44B4539-188C-4F30-9C99-9226775A4EA8}
		{B3DE84CE-BED8-40FB-A93C-C0A6C96C585F} = {8E4CFAA9-9EE9-4DAD-9679-6D9B85DF9F97}
		{72438B10-5DD9-46F7-8082-FF19BB45A8B9} = {8E4CFAA9-9EE9-4DAD-9679-6D9B85DF9F97}
		{CC3D67E7-80BD-498C-AA94-474557EE6FBD} = {8E4CFAA9-9EE9-4DAD-9679-6D9B85DF9F97}
		{2EE10E08-DCED-4A73-8C92-A98DDD24AEEE} = {8E4CFAA9-9EE9-4DAD-9679-6D9B85DF9F97}
		{DD6F1809-BEF6-4E50-A0BE-51C5B4CA02D0} = {D44B4539-188C-4F30-9C99-9226775A4EA8}
		{94E4044D-6FC3-4557-8B3F-F7386F9EA38F} = {DD6F1809-BEF6-4E50-A0BE-51C5B4CA02D0}
		{64BF934C-3BC1-4AAE-A11D-C56486756F45} = {D44B4539-188C-4F30-9C99-9226775A4EA8}
		{EE4409C9-6D20-49C4-8D1B-CA5B5E7879DB} = {64BF934C-3BC1-4AAE-A11D-C56486756F45}
	EndGlobalSection
	GlobalSection(ExtensibilityGlobals) = postSolution
		SolutionGuid = {0E3DDEEF-1F4D-4DBE-BB7C-D93685A67E33}
	EndGlobalSection
EndGlobal
